// !$*UTF8*$!
{
	archiveVersion = 1;
	classes = {
	};
	objectVersion = 55;
	objects = {

/* Begin PBXBuildFile section */
		434A732127FD8F3000779518 /* AppDelegate.swift in Sources */ = {isa = PBXBuildFile; fileRef = 434A732027FD8F3000779518 /* AppDelegate.swift */; };
		434A732327FD8F3000779518 /* SceneDelegate.swift in Sources */ = {isa = PBXBuildFile; fileRef = 434A732227FD8F3000779518 /* SceneDelegate.swift */; };
		434A732527FD8F3000779518 /* ViewController.swift in Sources */ = {isa = PBXBuildFile; fileRef = 434A732427FD8F3000779518 /* ViewController.swift */; };
		434A732827FD8F3000779518 /* Main.storyboard in Resources */ = {isa = PBXBuildFile; fileRef = 434A732627FD8F3000779518 /* Main.storyboard */; };
		434A732A27FD8F3100779518 /* Assets.xcassets in Resources */ = {isa = PBXBuildFile; fileRef = 434A732927FD8F3100779518 /* Assets.xcassets */; };
		434A732D27FD8F3100779518 /* LaunchScreen.storyboard in Resources */ = {isa = PBXBuildFile; fileRef = 434A732B27FD8F3100779518 /* LaunchScreen.storyboard */; };
		434A733927FD8F6600779518 /* stamp4.png in Resources */ = {isa = PBXBuildFile; fileRef = 434A733527FD8F6600779518 /* stamp4.png */; };
		434A733A27FD8F6600779518 /* stamp2.png in Resources */ = {isa = PBXBuildFile; fileRef = 434A733627FD8F6600779518 /* stamp2.png */; };
		434A733B27FD8F6600779518 /* stamp3.png in Resources */ = {isa = PBXBuildFile; fileRef = 434A733727FD8F6600779518 /* stamp3.png */; };
		434A733C27FD8F6600779518 /* stamp1.png in Resources */ = {isa = PBXBuildFile; fileRef = 434A733827FD8F6600779518 /* stamp1.png */; };
		434A734027FD95A700779518 /* StampBaseView.swift in Sources */ = {isa = PBXBuildFile; fileRef = 434A733F27FD95A700779518 /* StampBaseView.swift */; };
		434A734227FD962A00779518 /* StampView.swift in Sources */ = {isa = PBXBuildFile; fileRef = 434A734127FD962A00779518 /* StampView.swift */; };
/* End PBXBuildFile section */

/* Begin PBXFileReference section */
		434A731D27FD8F3000779518 /* StampCamera2.app */ = {isa = PBXFileReference; explicitFileType = wrapper.application; includeInIndex = 0; path = StampCamera2.app; sourceTree = BUILT_PRODUCTS_DIR; };
		434A732027FD8F3000779518 /* AppDelegate.swift */ = {isa = PBXFileReference; lastKnownFileType = sourcecode.swift; path = AppDelegate.swift; sourceTree = "<group>"; };
		434A732227FD8F3000779518 /* SceneDelegate.swift */ = {isa = PBXFileReference; lastKnownFileType = sourcecode.swift; path = SceneDelegate.swift; sourceTree = "<group>"; };
		434A732427FD8F3000779518 /* ViewController.swift */ = {isa = PBXFileReference; lastKnownFileType = sourcecode.swift; path = ViewController.swift; sourceTree = "<group>"; };
		434A732727FD8F3000779518 /* Base */ = {isa = PBXFileReference; lastKnownFileType = file.storyboard; name = Base; path = Base.lproj/Main.storyboard; sourceTree = "<group>"; };
		434A732927FD8F3100779518 /* Assets.xcassets */ = {isa = PBXFileReference; lastKnownFileType = folder.assetcatalog; path = Assets.xcassets; sourceTree = "<group>"; };
		434A732C27FD8F3100779518 /* Base */ = {isa = PBXFileReference; lastKnownFileType = file.storyboard; name = Base; path = Base.lproj/LaunchScreen.storyboard; sourceTree = "<group>"; };
		434A732E27FD8F3100779518 /* Info.plist */ = {isa = PBXFileReference; lastKnownFileType = text.plist.xml; path = Info.plist; sourceTree = "<group>"; };
		434A733527FD8F6600779518 /* stamp4.png */ = {isa = PBXFileReference; lastKnownFileType = image.png; path = stamp4.png; sourceTree = "<group>"; };
		434A733627FD8F6600779518 /* stamp2.png */ = {isa = PBXFileReference; lastKnownFileType = image.png; path = stamp2.png; sourceTree = "<group>"; };
		434A733727FD8F6600779518 /* stamp3.png */ = {isa = PBXFileReference; lastKnownFileType = image.png; path = stamp3.png; sourceTree = "<group>"; };
		434A733827FD8F6600779518 /* stamp1.png */ = {isa = PBXFileReference; lastKnownFileType = image.png; path = stamp1.png; sourceTree = "<group>"; };
		434A733F27FD95A700779518 /* StampBaseView.swift */ = {isa = PBXFileReference; lastKnownFileType = sourcecode.swift; path = StampBaseView.swift; sourceTree = "<group>"; };
		434A734127FD962A00779518 /* StampView.swift */ = {isa = PBXFileReference; lastKnownFileType = sourcecode.swift; path = StampView.swift; sourceTree = "<group>"; };
/* End PBXFileReference section */

/* Begin PBXFrameworksBuildPhase section */
		434A731A27FD8F3000779518 /* Frameworks */ = {
			isa = PBXFrameworksBuildPhase;
			buildActionMask = 2147483647;
			files = (
			);
			runOnlyForDeploymentPostprocessing = 0;
		};
/* End PBXFrameworksBuildPhase section */

/* Begin PBXGroup section */
		434A731427FD8F3000779518 = {
			isa = PBXGroup;
			children = (
				434A733427FD8F6600779518 /* Images */,
				434A731F27FD8F3000779518 /* StampCamera2 */,
				434A731E27FD8F3000779518 /* Products */,
			);
			sourceTree = "<group>";
		};
		434A731E27FD8F3000779518 /* Products */ = {
			isa = PBXGroup;
			children = (
				434A731D27FD8F3000779518 /* StampCamera2.app */,
			);
			name = Products;
			sourceTree = "<group>";
		};
		434A731F27FD8F3000779518 /* StampCamera2 */ = {
			isa = PBXGroup;
			children = (
				434A732027FD8F3000779518 /* AppDelegate.swift */,
				434A732227FD8F3000779518 /* SceneDelegate.swift */,
				434A732427FD8F3000779518 /* ViewController.swift */,
				434A733F27FD95A700779518 /* StampBaseView.swift */,
				434A734127FD962A00779518 /* StampView.swift */,
				434A732627FD8F3000779518 /* Main.storyboard */,
				434A732927FD8F3100779518 /* Assets.xcassets */,
				434A732B27FD8F3100779518 /* LaunchScreen.storyboard */,
				434A732E27FD8F3100779518 /* Info.plist */,
			);
			path = StampCamera2;
			sourceTree = "<group>";
		};
		434A733427FD8F6600779518 /* Images */ = {
			isa = PBXGroup;
			children = (
				434A733527FD8F6600779518 /* stamp4.png */,
				434A733627FD8F6600779518 /* stamp2.png */,
				434A733727FD8F6600779518 /* stamp3.png */,
				434A733827FD8F6600779518 /* stamp1.png */,
			);
			path = Images;
			sourceTree = "<group>";
		};
/* End PBXGroup section */

/* Begin PBXNativeTarget section */
		434A731C27FD8F3000779518 /* StampCamera2 */ = {
			isa = PBXNativeTarget;
			buildConfigurationList = 434A733127FD8F3100779518 /* Build configuration list for PBXNativeTarget "StampCamera2" */;
			buildPhases = (
				434A731927FD8F3000779518 /* Sources */,
				434A731A27FD8F3000779518 /* Frameworks */,
				434A731B27FD8F3000779518 /* Resources */,
			);
			buildRules = (
			);
			dependencies = (
			);
			name = StampCamera2;
			productName = StampCamera2;
			productReference = 434A731D27FD8F3000779518 /* StampCamera2.app */;
			productType = "com.apple.product-type.application";
		};
/* End PBXNativeTarget section */

/* Begin PBXProject section */
		434A731527FD8F3000779518 /* Project object */ = {
			isa = PBXProject;
			attributes = {
				BuildIndependentTargetsInParallel = 1;
				LastSwiftUpdateCheck = 1320;
				LastUpgradeCheck = 1320;
				TargetAttributes = {
					434A731C27FD8F3000779518 = {
						CreatedOnToolsVersion = 13.2.1;
					};
				};
			};
			buildConfigurationList = 434A731827FD8F3000779518 /* Build configuration list for PBXProject "StampCamera2" */;
			compatibilityVersion = "Xcode 13.0";
			developmentRegion = en;
			hasScannedForEncodings = 0;
			knownRegions = (
				en,
				Base,
			);
			mainGroup = 434A731427FD8F3000779518;
			productRefGroup = 434A731E27FD8F3000779518 /* Products */;
			projectDirPath = "";
			projectRoot = "";
			targets = (
				434A731C27FD8F3000779518 /* StampCamera2 */,
			);
		};
/* End PBXProject section */

/* Begin PBXResourcesBuildPhase section */
		434A731B27FD8F3000779518 /* Resources */ = {
			isa = PBXResourcesBuildPhase;
			buildActionMask = 2147483647;
			files = (
				434A732D27FD8F3100779518 /* LaunchScreen.storyboard in Resources */,
				434A733C27FD8F6600779518 /* stamp1.png in Resources */,
				434A733B27FD8F6600779518 /* stamp3.png in Resources */,
				434A732A27FD8F3100779518 /* Assets.xcassets in Resources */,
				434A733927FD8F6600779518 /* stamp4.png in Resources */,
				434A732827FD8F3000779518 /* Main.storyboard in Resources */,
				434A733A27FD8F6600779518 /* stamp2.png in Resources */,
			);
			runOnlyForDeploymentPostprocessing = 0;
		};
/* End PBXResourcesBuildPhase section */

/* Begin PBXSourcesBuildPhase section */
		434A731927FD8F3000779518 /* Sources */ = {
			isa = PBXSourcesBuildPhase;
			buildActionMask = 2147483647;
			files = (
				434A732527FD8F3000779518 /* ViewController.swift in Sources */,
				434A734027FD95A700779518 /* StampBaseView.swift in Sources */,
				434A732127FD8F3000779518 /* AppDelegate.swift in Sources */,
				434A734227FD962A00779518 /* StampView.swift in Sources */,
				434A732327FD8F3000779518 /* SceneDelegate.swift in Sources */,
			);
			runOnlyForDeploymentPostprocessing = 0;
		};
/* End PBXSourcesBuildPhase section */

/* Begin PBXVariantGroup section */
		434A732627FD8F3000779518 /* Main.storyboard */ = {
			isa = PBXVariantGroup;
			children = (
				434A732727FD8F3000779518 /* Base */,
			);
			name = Main.storyboard;
			sourceTree = "<group>";
		};
		434A732B27FD8F3100779518 /* LaunchScreen.storyboard */ = {
			isa = PBXVariantGroup;
			children = (
				434A732C27FD8F3100779518 /* Base */,
			);
			name = LaunchScreen.storyboard;
			sourceTree = "<group>";
		};
/* End PBXVariantGroup section */

/* Begin XCBuildConfiguration section */
		434A732F27FD8F3100779518 /* Debug */ = {
			isa = XCBuildConfiguration;
			buildSettings = {
				ALWAYS_SEARCH_USER_PATHS = NO;
				CLANG_ANALYZER_NONNULL = YES;
				CLANG_ANALYZER_NUMBER_OBJECT_CONVERSION = YES_AGGRESSIVE;
				CLANG_CXX_LANGUAGE_STANDARD = "gnu++17";
				CLANG_CXX_LIBRARY = "libc++";
				CLANG_ENABLE_MODULES = YES;
				CLANG_ENABLE_OBJC_ARC = YES;
				CLANG_ENABLE_OBJC_WEAK = YES;
				CLANG_WARN_BLOCK_CAPTURE_AUTORELEASING = YES;
				CLANG_WARN_BOOL_CONVERSION = YES;
				CLANG_WARN_COMMA = YES;
				CLANG_WARN_CONSTANT_CONVERSION = YES;
				CLANG_WARN_DEPRECATED_OBJC_IMPLEMENTATIONS = YES;
				CLANG_WARN_DIRECT_OBJC_ISA_USAGE = YES_ERROR;
				CLANG_WARN_DOCUMENTATION_COMMENTS = YES;
				CLANG_WARN_EMPTY_BODY = YES;
				CLANG_WARN_ENUM_CONVERSION = YES;
				CLANG_WARN_INFINITE_RECURSION = YES;
				CLANG_WARN_INT_CONVERSION = YES;
				CLANG_WARN_NON_LITERAL_NULL_CONVERSION = YES;
				CLANG_WARN_OBJC_IMPLICIT_RETAIN_SELF = YES;
				CLANG_WARN_OBJC_LITERAL_CONVERSION = YES;
				CLANG_WARN_OBJC_ROOT_CLASS = YES_ERROR;
				CLANG_WARN_QUOTED_INCLUDE_IN_FRAMEWORK_HEADER = YES;
				CLANG_WARN_RANGE_LOOP_ANALYSIS = YES;
				CLANG_WARN_STRICT_PROTOTYPES = YES;
				CLANG_WARN_SUSPICIOUS_MOVE = YES;
				CLANG_WARN_UNGUARDED_AVAILABILITY = YES_AGGRESSIVE;
				CLANG_WARN_UNREACHABLE_CODE = YES;
				CLANG_WARN__DUPLICATE_METHOD_MATCH = YES;
				COPY_PHASE_STRIP = NO;
				DEBUG_INFORMATION_FORMAT = dwarf;
				ENABLE_STRICT_OBJC_MSGSEND = YES;
				ENABLE_TESTABILITY = YES;
				GCC_C_LANGUAGE_STANDARD = gnu11;
				GCC_DYNAMIC_NO_PIC = NO;
				GCC_NO_COMMON_BLOCKS = YES;
				GCC_OPTIMIZATION_LEVEL = 0;
				GCC_PREPROCESSOR_DEFINITIONS = (
					"DEBUG=1",
					"$(inherited)",
				);
				GCC_WARN_64_TO_32_BIT_CONVERSION = YES;
				GCC_WARN_ABOUT_RETURN_TYPE = YES_ERROR;
				GCC_WARN_UNDECLARED_SELECTOR = YES;
				GCC_WARN_UNINITIALIZED_AUTOS = YES_AGGRESSIVE;
				GCC_WARN_UNUSED_FUNCTION = YES;
				GCC_WARN_UNUSED_VARIABLE = YES;
				IPHONEOS_DEPLOYMENT_TARGET = 15.2;
				MTL_ENABLE_DEBUG_INFO = INCLUDE_SOURCE;
				MTL_FAST_MATH = YES;
				ONLY_ACTIVE_ARCH = YES;
				SDKROOT = iphoneos;
				SWIFT_ACTIVE_COMPILATION_CONDITIONS = DEBUG;
				SWIFT_OPTIMIZATION_LEVEL = "-Onone";
			};
			name = Debug;
		};
		434A733027FD8F3100779518 /* Release */ = {
			isa = XCBuildConfiguration;
			buildSettings = {
				ALWAYS_SEARCH_USER_PATHS = NO;
				CLANG_ANALYZER_NONNULL = YES;
				CLANG_ANALYZER_NUMBER_OBJECT_CONVERSION = YES_AGGRESSIVE;
				CLANG_CXX_LANGUAGE_STANDARD = "gnu++17";
				CLANG_CXX_LIBRARY = "libc++";
				CLANG_ENABLE_MODULES = YES;
				CLANG_ENABLE_OBJC_ARC = YES;
				CLANG_ENABLE_OBJC_WEAK = YES;
				CLANG_WARN_BLOCK_CAPTURE_AUTORELEASING = YES;
				CLANG_WARN_BOOL_CONVERSION = YES;
				CLANG_WARN_COMMA = YES;
				CLANG_WARN_CONSTANT_CONVERSION = YES;
				CLANG_WARN_DEPRECATED_OBJC_IMPLEMENTATIONS = YES;
				CLANG_WARN_DIRECT_OBJC_ISA_USAGE = YES_ERROR;
				CLANG_WARN_DOCUMENTATION_COMMENTS = YES;
				CLANG_WARN_EMPTY_BODY = YES;
				CLANG_WARN_ENUM_CONVERSION = YES;
				CLANG_WARN_INFINITE_RECURSION = YES;
				CLANG_WARN_INT_CONVERSION = YES;
				CLANG_WARN_NON_LITERAL_NULL_CONVERSION = YES;
				CLANG_WARN_OBJC_IMPLICIT_RETAIN_SELF = YES;
				CLANG_WARN_OBJC_LITERAL_CONVERSION = YES;
				CLANG_WARN_OBJC_ROOT_CLASS = YES_ERROR;
				CLANG_WARN_QUOTED_INCLUDE_IN_FRAMEWORK_HEADER = YES;
				CLANG_WARN_RANGE_LOOP_ANALYSIS = YES;
				CLANG_WARN_STRICT_PROTOTYPES = YES;
				CLANG_WARN_SUSPICIOUS_MOVE = YES;
				CLANG_WARN_UNGUARDED_AVAILABILITY = YES_AGGRESSIVE;
				CLANG_WARN_UNREACHABLE_CODE = YES;
				CLANG_WARN__DUPLICATE_METHOD_MATCH = YES;
				COPY_PHASE_STRIP = NO;
				DEBUG_INFORMATION_FORMAT = "dwarf-with-dsym";
				ENABLE_NS_ASSERTIONS = NO;
				ENABLE_STRICT_OBJC_MSGSEND = YES;
				GCC_C_LANGUAGE_STANDARD = gnu11;
				GCC_NO_COMMON_BLOCKS = YES;
				GCC_WARN_64_TO_32_BIT_CONVERSION = YES;
				GCC_WARN_ABOUT_RETURN_TYPE = YES_ERROR;
				GCC_WARN_UNDECLARED_SELECTOR = YES;
				GCC_WARN_UNINITIALIZED_AUTOS = YES_AGGRESSIVE;
				GCC_WARN_UNUSED_FUNCTION = YES;
				GCC_WARN_UNUSED_VARIABLE = YES;
				IPHONEOS_DEPLOYMENT_TARGET = 15.2;
				MTL_ENABLE_DEBUG_INFO = NO;
				MTL_FAST_MATH = YES;
				SDKROOT = iphoneos;
				SWIFT_COMPILATION_MODE = wholemodule;
				SWIFT_OPTIMIZATION_LEVEL = "-O";
				VALIDATE_PRODUCT = YES;
			};
			name = Release;
		};
		434A733227FD8F3100779518 /* Debug */ = {
			isa = XCBuildConfiguration;
			buildSettings = {
				ASSETCATALOG_COMPILER_APPICON_NAME = AppIcon;
				ASSETCATALOG_COMPILER_GLOBAL_ACCENT_COLOR_NAME = AccentColor;
				CODE_SIGN_STYLE = Automatic;
				CURRENT_PROJECT_VERSION = 1;
				DEVELOPMENT_TEAM = LW3THBZ2Y7;
				GENERATE_INFOPLIST_FILE = YES;
				INFOPLIST_FILE = StampCamera2/Info.plist;
				INFOPLIST_KEY_UIApplicationSupportsIndirectInputEvents = YES;
				INFOPLIST_KEY_UILaunchStoryboardName = LaunchScreen;
				INFOPLIST_KEY_UIMainStoryboardFile = Main;
				INFOPLIST_KEY_UISupportedInterfaceOrientations_iPad = "UIInterfaceOrientationPortrait UIInterfaceOrientationPortraitUpsideDown UIInterfaceOrientationLandscapeLeft UIInterfaceOrientationLandscapeRight";
				INFOPLIST_KEY_UISupportedInterfaceOrientations_iPhone = "UIInterfaceOrientationPortrait UIInterfaceOrientationLandscapeLeft UIInterfaceOrientationLandscapeRight";
				LD_RUNPATH_SEARCH_PATHS = (
					"$(inherited)",
					"@executable_path/Frameworks",
				);
				MARKETING_VERSION = 1.0;
				PRODUCT_BUNDLE_IDENTIFIER = com.studiokaori.StampCamera2;
				PRODUCT_NAME = "$(TARGET_NAME)";
				SWIFT_EMIT_LOC_STRINGS = YES;
				SWIFT_VERSION = 5.0;
				TARGETED_DEVICE_FAMILY = "1,2";
			};
			name = Debug;
		};
		434A733327FD8F3100779518 /* Release */ = {
			isa = XCBuildConfiguration;
			buildSettings = {
				ASSETCATALOG_COMPILER_APPICON_NAME = AppIcon;
				ASSETCATALOG_COMPILER_GLOBAL_ACCENT_COLOR_NAME = AccentColor;
				CODE_SIGN_STYLE = Automatic;
				CURRENT_PROJECT_VERSION = 1;
				DEVELOPMENT_TEAM = LW3THBZ2Y7;
				GENERATE_INFOPLIST_FILE = YES;
				INFOPLIST_FILE = StampCamera2/Info.plist;
				INFOPLIST_KEY_UIApplicationSupportsIndirectInputEvents = YES;
				INFOPLIST_KEY_UILaunchStoryboardName = LaunchScreen;
				INFOPLIST_KEY_UIMainStoryboardFile = Main;
				INFOPLIST_KEY_UISupportedInterfaceOrientations_iPad = "UIInterfaceOrientationPortrait UIInterfaceOrientationPortraitUpsideDown UIInterfaceOrientationLandscapeLeft UIInterfaceOrientationLandscapeRight";
				INFOPLIST_KEY_UISupportedInterfaceOrientations_iPhone = "UIInterfaceOrientationPortrait UIInterfaceOrientationLandscapeLeft UIInterfaceOrientationLandscapeRight";
				LD_RUNPATH_SEARCH_PATHS = (
					"$(inherited)",
					"@executable_path/Frameworks",
				);
				MARKETING_VERSION = 1.0;
				PRODUCT_BUNDLE_IDENTIFIER = com.studiokaori.StampCamera2;
				PRODUCT_NAME = "$(TARGET_NAME)";
				SWIFT_EMIT_LOC_STRINGS = YES;
				SWIFT_VERSION = 5.0;
				TARGETED_DEVICE_FAMILY = "1,2";
			};
			name = Release;
		};
/* End XCBuildConfiguration section */

/* Begin XCConfigurationList section */
		434A731827FD8F3000779518 /* Build configuration list for PBXProject "StampCamera2" */ = {
			isa = XCConfigurationList;
			buildConfigurations = (
				434A732F27FD8F3100779518 /* Debug */,
				434A733027FD8F3100779518 /* Release */,
			);
			defaultConfigurationIsVisible = 0;
			defaultConfigurationName = Release;
		};
		434A733127FD8F3100779518 /* Build configuration list for PBXNativeTarget "StampCamera2" */ = {
			isa = XCConfigurationList;
			buildConfigurations = (
				434A733227FD8F3100779518 /* Debug */,
				434A733327FD8F3100779518 /* Release */,
			);
			defaultConfigurationIsVisible = 0;
			defaultConfigurationName = Release;
		};
/* End XCConfigurationList section */
	};
	rootObject = 434A731527FD8F3000779518 /* Project object */;
}
